
Microsoft Visual Studio Solution File, Format Version 12.00
Project("{2150E333-8FDC-42A3-9474-1A3956D46DE8}") = "Web", "Web", "{B524FF88-83CE-4849-B307-27642E0CB31A}"
EndProject
Project("{2150E333-8FDC-42A3-9474-1A3956D46DE8}") = "Application", "Application", "{AF0CE906-29F0-4642-A823-D0242B92FEDE}"
EndProject
Project("{2150E333-8FDC-42A3-9474-1A3956D46DE8}") = "Domain", "Domain", "{B529D1CE-43DF-4DB0-A050-81C639FCDC86}"
EndProject
Project("{2150E333-8FDC-42A3-9474-1A3956D46DE8}") = "Infrastructure", "Infrastructure", "{C5D7986F-EFB1-48BC-AD67-2C4A58424909}"
EndProject
Project("{FAE04EC0-301F-11D3-BF4B-00C04F79EFBC}") = "AM.Projekt.Web", "AM.Projekt.Web\AM.Projekt.Web.csproj", "{3427DC26-98B1-408D-9809-38EED264644D}"
EndProject
Global
	GlobalSection(SolutionConfigurationPlatforms) = preSolution
		Debug|Any CPU = Debug|Any CPU
		Release|Any CPU = Release|Any CPU
	EndGlobalSection
	GlobalSection(NestedProjects) = preSolution
		{3427DC26-98B1-408D-9809-38EED264644D} = {B524FF88-83CE-4849-B307-27642E0CB31A}
	EndGlobalSection
	GlobalSection(ProjectConfigurationPlatforms) = postSolution
		{3427DC26-98B1-408D-9809-38EED264644D}.Debug|Any CPU.ActiveCfg = Debug|Any CPU
		{3427DC26-98B1-408D-9809-38EED264644D}.Debug|Any CPU.Build.0 = Debug|Any CPU
		{3427DC26-98B1-408D-9809-38EED264644D}.Release|Any CPU.ActiveCfg = Release|Any CPU
		{3427DC26-98B1-408D-9809-38EED264644D}.Release|Any CPU.Build.0 = Release|Any CPU
	EndGlobalSection
EndGlobal
